
Microsoft Visual Studio Solution File, Format Version 12.00
# Visual Studio 14
VisualStudioVersion = 14.0.22609.0
MinimumVisualStudioVersion = 10.0.40219.1
Project("{FAE04EC0-301F-11D3-BF4B-00C04F79EFBC}") = "HookDispatch", "HookDispatch\HookDispatch.csproj", "{130C5D22-5976-41F4-AFB0-AFB94B6B018A}"
EndProject
Project("{FAE04EC0-301F-11D3-BF4B-00C04F79EFBC}") = "DebugPlugin", "DebugPlugin\DebugPlugin.csproj", "{5A1924A5-18E1-47CB-9812-58ADA8BB99DE}"
EndProject
Global
	GlobalSection(SolutionConfigurationPlatforms) = preSolution
		Debug|Any CPU = Debug|Any CPU
		Release|Any CPU = Release|Any CPU
	EndGlobalSection
	GlobalSection(ProjectConfigurationPlatforms) = postSolution
		{130C5D22-5976-41F4-AFB0-AFB94B6B018A}.Debug|Any CPU.ActiveCfg = Debug|Any CPU
		{130C5D22-5976-41F4-AFB0-AFB94B6B018A}.Debug|Any CPU.Build.0 = Debug|Any CPU
		{130C5D22-5976-41F4-AFB0-AFB94B6B018A}.Release|Any CPU.ActiveCfg = Release|Any CPU
		{130C5D22-5976-41F4-AFB0-AFB94B6B018A}.Release|Any CPU.Build.0 = Release|Any CPU
		{5A1924A5-18E1-47CB-9812-58ADA8BB99DE}.Debug|Any CPU.ActiveCfg = Debug|Any CPU
		{5A1924A5-18E1-47CB-9812-58ADA8BB99DE}.Debug|Any CPU.Build.0 = Debug|Any CPU
		{5A1924A5-18E1-47CB-9812-58ADA8BB99DE}.Release|Any CPU.ActiveCfg = Release|Any CPU
		{5A1924A5-18E1-47CB-9812-58ADA8BB99DE}.Release|Any CPU.Build.0 = Release|Any CPU
	EndGlobalSection
	GlobalSection(SolutionProperties) = preSolution
		HideSolutionNode = FALSE
	EndGlobalSection
EndGlobal
